# THIS IS AN AUTOGENERATED FILE. DO NOT EDIT THIS FILE DIRECTLY.
# yarn lockfile v1


"@babel/runtime@^7.1.2", "@babel/runtime@^7.1.5", "@babel/runtime@^7.12.1", "@babel/runtime@^7.3.1", "@babel/runtime@^7.4.4", "@babel/runtime@^7.5.5", "@babel/runtime@^7.6.0", "@babel/runtime@^7.6.3", "@babel/runtime@^7.8.3", "@babel/runtime@^7.8.7":
  "integrity" "sha512-JELkvo/DlpNdJ7dlyw/eY7E0suy5i5GQH+Vlxaq1nsNJ+H7f4Vtv3jMeCEgRhZZQFXTjldYfQgv2qmM6M1v5wA=="
  "resolved" "https://registry.npmjs.org/@babel/runtime/-/runtime-7.14.0.tgz"
  "version" "7.14.0"
  dependencies:
    "regenerator-runtime" "^0.13.4"

"@date-io/core@^1.3.13", "@date-io/core@^1.3.6":
  "integrity" "sha512-AlEKV7TxjeK+jxWVKcCFrfYAk8spX9aCyiToFIiLPtfQbsjmRGLIhb5VZgptQcJdHtLXo7+m0DuurwFgUToQuA=="
  "resolved" "https://registry.npmjs.org/@date-io/core/-/core-1.3.13.tgz"
  "version" "1.3.13"

"@date-io/core@^2.10.11":
  "integrity" "sha512-keXQnwH0LM8wyvu+j5Z2KGK56D+eItjy7DnwuWl/oV+DM2UEYl0z5WhdPMpfswSyt/kjuPOzcVF/7u/skMLaoA=="
  "resolved" "https://registry.npmjs.org/@date-io/core/-/core-2.10.11.tgz"
  "version" "2.10.11"

"@date-io/date-fns@^1.3.13":
  "integrity" "sha512-yXxGzcRUPcogiMj58wVgFjc9qUYrCnnU9eLcyNbsQCmae4jPuZCDoIBR21j8ZURsM7GRtU62VOw5yNd4dDHunA=="
  "resolved" "https://registry.npmjs.org/@date-io/date-fns/-/date-fns-1.3.13.tgz"
  "version" "1.3.13"
  dependencies:
    "@date-io/core" "^1.3.13"

"@date-io/moment@^2.10.11":
  "integrity" "sha512-xym/Ew0C7WSmH3w1KcEwoWoUnQ9UjjDZo1++SwlGdGIU0lPEv1QmMx59shWWL49GAz7KOsCEF2Gu9uDt8cEcVw=="
  "resolved" "https://registry.npmjs.org/@date-io/moment/-/moment-2.10.11.tgz"
  "version" "2.10.11"
  dependencies:
    "@date-io/core" "^2.10.11"

"@emotion/hash@^0.8.0":
  "integrity" "sha512-kBJtf7PH6aWwZ6fka3zQ0p6SBYzx4fl1LoZXE2RrnYST9Xljm7WfKJrU4g/Xr3Beg72MLrp1AWNUmuYJTL7Cow=="
  "resolved" "https://registry.npmjs.org/@emotion/hash/-/hash-0.8.0.tgz"
  "version" "0.8.0"

"@material-ui/core@^4.0.0":
  "integrity" "sha512-oqb+lJ2Dl9HXI9orc6/aN8ZIAMkeThufA5iZELf2LQeBn2NtjVilF5D2w7e9RpntAzDb4jK5DsVhkfOvFY/8fg=="
  "resolved" "https://registry.npmjs.org/@material-ui/core/-/core-4.11.4.tgz"
  "version" "4.11.4"
  dependencies:
    "@babel/runtime" "^7.4.4"
    "@material-ui/styles" "^4.11.4"
    "@material-ui/system" "^4.11.3"
    "@material-ui/types" "5.1.0"
    "@material-ui/utils" "^4.11.2"
    "@types/react-transition-group" "^4.2.0"
    "clsx" "^1.0.4"
    "hoist-non-react-statics" "^3.3.2"
    "popper.js" "1.16.1-lts"
    "prop-types" "^15.7.2"
    "react-is" "^16.8.0 || ^17.0.0"
    "react-transition-group" "^4.4.0"

"@material-ui/pickers@^3.3.10":
  "integrity" "sha512-hS4pxwn1ZGXVkmgD4tpFpaumUaAg2ZzbTrxltfC5yPw4BJV+mGkfnQOB4VpWEYZw2jv65Z0wLwDE/piQiPPZ3w=="
  "resolved" "https://registry.npmjs.org/@material-ui/pickers/-/pickers-3.3.10.tgz"
  "version" "3.3.10"
  dependencies:
    "@babel/runtime" "^7.6.0"
    "@date-io/core" "1.x"
    "@types/styled-jsx" "^2.2.8"
    "clsx" "^1.0.2"
    "react-transition-group" "^4.0.0"
    "rifm" "^0.7.0"

"@material-ui/styles@^4.11.4":
  "integrity" "sha512-KNTIZcnj/zprG5LW0Sao7zw+yG3O35pviHzejMdcSGCdWbiO8qzRgOYL8JAxAsWBKOKYwVZxXtHWaB5T2Kvxew=="
  "resolved" "https://registry.npmjs.org/@material-ui/styles/-/styles-4.11.4.tgz"
  "version" "4.11.4"
  dependencies:
    "@babel/runtime" "^7.4.4"
    "@emotion/hash" "^0.8.0"
    "@material-ui/types" "5.1.0"
    "@material-ui/utils" "^4.11.2"
    "clsx" "^1.0.4"
    "csstype" "^2.5.2"
    "hoist-non-react-statics" "^3.3.2"
    "jss" "^10.5.1"
    "jss-plugin-camel-case" "^10.5.1"
    "jss-plugin-default-unit" "^10.5.1"
    "jss-plugin-global" "^10.5.1"
    "jss-plugin-nested" "^10.5.1"
    "jss-plugin-props-sort" "^10.5.1"
    "jss-plugin-rule-value-function" "^10.5.1"
    "jss-plugin-vendor-prefixer" "^10.5.1"
    "prop-types" "^15.7.2"

"@material-ui/system@^4.11.3":
  "integrity" "sha512-SY7otguNGol41Mu2Sg6KbBP1ZRFIbFLHGK81y4KYbsV2yIcaEPOmsCK6zwWlp+2yTV3J/VwT6oSBARtGIVdXPw=="
  "resolved" "https://registry.npmjs.org/@material-ui/system/-/system-4.11.3.tgz"
  "version" "4.11.3"
  dependencies:
    "@babel/runtime" "^7.4.4"
    "@material-ui/utils" "^4.11.2"
    "csstype" "^2.5.2"
    "prop-types" "^15.7.2"

"@material-ui/types@5.1.0":
  "integrity" "sha512-7cqRjrY50b8QzRSYyhSpx4WRw2YuO0KKIGQEVk5J8uoz2BanawykgZGoWEqKm7pVIbzFDN0SpPcVV4IhOFkl8A=="
  "resolved" "https://registry.npmjs.org/@material-ui/types/-/types-5.1.0.tgz"
  "version" "5.1.0"

"@material-ui/utils@^4.11.2":
  "integrity" "sha512-Uul8w38u+PICe2Fg2pDKCaIG7kOyhowZ9vjiC1FsVwPABTW8vPPKfF6OvxRq3IiBaI1faOJmgdvMG7rMJARBhA=="
  "resolved" "https://registry.npmjs.org/@material-ui/utils/-/utils-4.11.2.tgz"
  "version" "4.11.2"
  dependencies:
    "@babel/runtime" "^7.4.4"
    "prop-types" "^15.7.2"
    "react-is" "^16.8.0 || ^17.0.0"

"@popperjs/core@^2.5.3":
  "integrity" "sha512-VZMYa7+fXHdwIq1TDhSXoVmSPEGM/aa+6Aiq3nVVJ9bXr24zScr+NlKFKC3iPljA7ho/GAZr+d2jOf5GIRC30Q=="
  "resolved" "https://registry.npmjs.org/@popperjs/core/-/core-2.9.2.tgz"
  "version" "2.9.2"

"@restart/hooks@^0.3.25":
  "integrity" "sha512-7Hwk2ZMYm+JLWcb7R9qIXk1OoUg1Z+saKWqZXlrvFwT3w6UArVNWgxYOzf+PJoK9zZejp8okPAKTctthhXLt5g=="
  "resolved" "https://registry.npmjs.org/@restart/hooks/-/hooks-0.3.26.tgz"
  "version" "0.3.26"
  dependencies:
    "lodash" "^4.17.20"
    "lodash-es" "^4.17.20"

"@types/prop-types@*":
  "integrity" "sha512-KfRL3PuHmqQLOG+2tGpRO26Ctg+Cq1E01D2DMriKEATHgWLfeNDmq9e29Q9WIky0dQ3NPkd1mzYH8Lm936Z9qw=="
  "resolved" "https://registry.npmjs.org/@types/prop-types/-/prop-types-15.7.3.tgz"
  "version" "15.7.3"

"@types/react-transition-group@^4.2.0":
  "integrity" "sha512-vIo69qKKcYoJ8wKCJjwSgCTM+z3chw3g18dkrDfVX665tMH7tmbDxEAnPdey4gTlwZz5QuHGzd+hul0OVZDqqQ=="
  "resolved" "https://registry.npmjs.org/@types/react-transition-group/-/react-transition-group-4.4.1.tgz"
  "version" "4.4.1"
  dependencies:
    "@types/react" "*"

"@types/react@*", "@types/react@^16.8.6 || ^17.0.0", "@types/react@>=16.9.11":
  "integrity" "sha512-3sx4c0PbXujrYAKwXxNONXUtRp9C+hE2di0IuxFyf5BELD+B+AXL8G7QrmSKhVwKZDbv0igiAjQAMhXj8Yg3aw=="
  "resolved" "https://registry.npmjs.org/@types/react/-/react-17.0.8.tgz"
  "version" "17.0.8"
  dependencies:
    "@types/prop-types" "*"
    "@types/scheduler" "*"
    "csstype" "^3.0.2"

"@types/scheduler@*":
  "integrity" "sha512-EaCxbanVeyxDRTQBkdLb3Bvl/HK7PBK6UJjsSixB0iHKoWxE5uu2Q/DgtpOhPIojN0Zl1whvOd7PoHs2P0s5eA=="
  "resolved" "https://registry.npmjs.org/@types/scheduler/-/scheduler-0.16.1.tgz"
  "version" "0.16.1"

"@types/styled-jsx@^2.2.8":
  "integrity" "sha512-Yjye9VwMdYeXfS71ihueWRSxrruuXTwKCbzue4+5b2rjnQ//AtyM7myZ1BEhNhBQ/nL/RE7bdToUoLln2miKvg=="
  "resolved" "https://registry.npmjs.org/@types/styled-jsx/-/styled-jsx-2.2.8.tgz"
  "version" "2.2.8"
  dependencies:
    "@types/react" "*"

"@types/warning@^3.0.0":
  "integrity" "sha1-DSUBJorY+ZYrdA04fEZU9fjiPlI="
  "resolved" "https://registry.npmjs.org/@types/warning/-/warning-3.0.0.tgz"
  "version" "3.0.0"

"@wojtekmaj/date-utils@^1.0.2":
  "integrity" "sha512-1VPkkTBk07gMR1fjpBtse4G+oJqpmE+0gUFB0dg3VIL7qJmUVaBoD/vlzMm/jNeOPfvlmerl1lpnsZyBUFIRuw=="
  "resolved" "https://registry.npmjs.org/@wojtekmaj/date-utils/-/date-utils-1.0.3.tgz"
  "version" "1.0.3"

"clsx@^1.0.2", "clsx@^1.0.4":
  "integrity" "sha512-6/bPho624p3S2pMyvP5kKBPXnI3ufHLObBFCfgx+LkeR5lg2XYy2hqZqUf45ypD8COn2bhgGJSUE+l5dhNBieA=="
  "resolved" "https://registry.npmjs.org/clsx/-/clsx-1.1.1.tgz"
  "version" "1.1.1"

"css-vendor@^2.0.8":
  "integrity" "sha512-x9Aq0XTInxrkuFeHKbYC7zWY8ai7qJ04Kxd9MnvbC1uO5DagxoHQjm4JvG+vCdXOoFtCjbL2XSZfxmoYa9uQVQ=="
  "resolved" "https://registry.npmjs.org/css-vendor/-/css-vendor-2.0.8.tgz"
  "version" "2.0.8"
  dependencies:
    "@babel/runtime" "^7.8.3"
    "is-in-browser" "^1.0.2"

"csstype@^2.5.2":
  "integrity" "sha512-u1wmTI1jJGzCJzWndZo8mk4wnPTZd1eOIYTYvuEyOQGfmDl3TrabCCfKnOC86FZwW/9djqTl933UF/cS425i9A=="
  "resolved" "https://registry.npmjs.org/csstype/-/csstype-2.6.17.tgz"
  "version" "2.6.17"

"csstype@^3.0.2":
  "integrity" "sha512-jXKhWqXPmlUeoQnF/EhTtTl4C9SnrxSH/jZUih3jmO6lBKr99rP3/+FmrMj4EFpOXzMtXHAZkd3x0E6h6Fgflw=="
  "resolved" "https://registry.npmjs.org/csstype/-/csstype-3.0.8.tgz"
  "version" "3.0.8"

"date-arithmetic@^4.1.0":
  "integrity" "sha512-QWxYLR5P/6GStZcdem+V1xoto6DMadYWpMXU82ES3/RfR3Wdwr3D0+be7mgOJ+Ov0G9D5Dmb9T17sNLQYj9XOg=="
  "resolved" "https://registry.npmjs.org/date-arithmetic/-/date-arithmetic-4.1.0.tgz"
  "version" "4.1.0"

"date-fns@^2.0.0", "date-fns@^2.22.1":
  "integrity" "sha512-yUFPQjrxEmIsMqlHhAhmxkuH769baF21Kk+nZwZGyrMoyLA+LugaQtC0+Tqf9CBUUULWwUJt6Q5ySI3LJDDCGg=="
  "resolved" "https://registry.npmjs.org/date-fns/-/date-fns-2.22.1.tgz"
  "version" "2.22.1"

"dom-helpers@^5.0.1", "dom-helpers@^5.1.0", "dom-helpers@^5.2.0":
  "integrity" "sha512-nRCa7CK3VTrM2NmGkIy4cbK7IZlgBE/PYMn55rrXefr5xXDP0LdtfPnblFDoVdcAfslJ7or6iqAUnx0CCGIWQA=="
  "resolved" "https://registry.npmjs.org/dom-helpers/-/dom-helpers-5.2.1.tgz"
  "version" "5.2.1"
  dependencies:
    "@babel/runtime" "^7.8.7"
    "csstype" "^3.0.2"

"get-user-locale@^1.2.0":
  "integrity" "sha512-gQo03lP1OArHLKlnoglqrGGl7b04u2EP9Xutmp72cMdtrrSD7ZgIsCsUKZynYWLDkVJW33Cj3pliP7uP0UonHQ=="
  "resolved" "https://registry.npmjs.org/get-user-locale/-/get-user-locale-1.4.0.tgz"
  "version" "1.4.0"
  dependencies:
    "lodash.once" "^4.1.1"

"history@^4.9.0":
  "integrity" "sha512-36nwAD620w12kuzPAsyINPWJqlNbij+hpK1k9XRloDtym8mxzGYl2c17LnV6IAGB2Dmg4tEa7G7DlawS0+qjew=="
  "resolved" "https://registry.npmjs.org/history/-/history-4.10.1.tgz"
  "version" "4.10.1"
  dependencies:
    "@babel/runtime" "^7.1.2"
    "loose-envify" "^1.2.0"
    "resolve-pathname" "^3.0.0"
    "tiny-invariant" "^1.0.2"
    "tiny-warning" "^1.0.0"
    "value-equal" "^1.0.1"

"hoist-non-react-statics@^3.1.0", "hoist-non-react-statics@^3.3.2":
  "integrity" "sha512-/gGivxi8JPKWNm/W0jSmzcMPpfpPLc3dY/6GxhX2hQ9iGj3aDfklV4ET7NjKpSinLpJ5vafa9iiGIEZg10SfBw=="
  "resolved" "https://registry.npmjs.org/hoist-non-react-statics/-/hoist-non-react-statics-3.3.2.tgz"
  "version" "3.3.2"
  dependencies:
    "react-is" "^16.7.0"

"hyphenate-style-name@^1.0.3":
  "integrity" "sha512-ygGZLjmXfPHj+ZWh6LwbC37l43MhfztxetbFCoYTM2VjkIUpeHgSNn7QIyVFj7YQ1Wl9Cbw5sholVJPzWvC2MQ=="
  "resolved" "https://registry.npmjs.org/hyphenate-style-name/-/hyphenate-style-name-1.0.4.tgz"
  "version" "1.0.4"

"indefinite-observable@^2.0.1":
  "integrity" "sha512-G8vgmork+6H9S8lUAg1gtXEj2JxIQTo0g2PbFiYOdjkziSI0F7UYBiVwhZRuixhBCNGczAls34+5HJPyZysvxQ=="
  "resolved" "https://registry.npmjs.org/indefinite-observable/-/indefinite-observable-2.0.1.tgz"
  "version" "2.0.1"
  dependencies:
    "symbol-observable" "1.2.0"

"invariant@^2.2.4":
  "integrity" "sha512-phJfQVBuaJM5raOpJjSfkiD6BpbCE4Ns//LaXl6wGYtUBY83nWS6Rf9tXm2e8VaK60JEjYldbPif/A2B1C2gNA=="
  "resolved" "https://registry.npmjs.org/invariant/-/invariant-2.2.4.tgz"
  "version" "2.2.4"
  dependencies:
    "loose-envify" "^1.0.0"

"is-in-browser@^1.0.2", "is-in-browser@^1.1.3":
  "integrity" "sha1-Vv9NtoOgeMYILrldrX3GLh0E+DU="
  "resolved" "https://registry.npmjs.org/is-in-browser/-/is-in-browser-1.1.3.tgz"
  "version" "1.1.3"

"isarray@0.0.1":
  "integrity" "sha1-ihis/Kmo9Bd+Cav8YDiTmwXR7t8="
  "resolved" "https://registry.npmjs.org/isarray/-/isarray-0.0.1.tgz"
  "version" "0.0.1"

"js-tokens@^3.0.0 || ^4.0.0":
  "integrity" "sha512-RdJUflcE3cUzKiMqQgsCu06FPu9UdIJO0beYbPhHN4k6apgJtifcoCtT9bcxOpYBtpD2kCM6Sbzg4CausW/PKQ=="
  "resolved" "https://registry.npmjs.org/js-tokens/-/js-tokens-4.0.0.tgz"
  "version" "4.0.0"

"jss-plugin-camel-case@^10.5.1":
  "integrity" "sha512-JdLpA3aI/npwj3nDMKk308pvnhoSzkW3PXlbgHAzfx0yHWnPPVUjPhXFtLJzgKZge8lsfkUxvYSQ3X2OYIFU6A=="
  "resolved" "https://registry.npmjs.org/jss-plugin-camel-case/-/jss-plugin-camel-case-10.6.0.tgz"
  "version" "10.6.0"
  dependencies:
    "@babel/runtime" "^7.3.1"
    "hyphenate-style-name" "^1.0.3"
    "jss" "10.6.0"

"jss-plugin-default-unit@^10.5.1":
  "integrity" "sha512-7y4cAScMHAxvslBK2JRK37ES9UT0YfTIXWgzUWD5euvR+JR3q+o8sQKzBw7GmkQRfZijrRJKNTiSt1PBsLI9/w=="
  "resolved" "https://registry.npmjs.org/jss-plugin-default-unit/-/jss-plugin-default-unit-10.6.0.tgz"
  "version" "10.6.0"
  dependencies:
    "@babel/runtime" "^7.3.1"
    "jss" "10.6.0"

"jss-plugin-global@^10.5.1":
  "integrity" "sha512-I3w7ji/UXPi3VuWrTCbHG9rVCgB4yoBQLehGDTmsnDfXQb3r1l3WIdcO8JFp9m0YMmyy2CU7UOV6oPI7/Tmu+w=="
  "resolved" "https://registry.npmjs.org/jss-plugin-global/-/jss-plugin-global-10.6.0.tgz"
  "version" "10.6.0"
  dependencies:
    "@babel/runtime" "^7.3.1"
    "jss" "10.6.0"

"jss-plugin-nested@^10.5.1":
  "integrity" "sha512-fOFQWgd98H89E6aJSNkEh2fAXquC9aZcAVjSw4q4RoQ9gU++emg18encR4AT4OOIFl4lQwt5nEyBBRn9V1Rk8g=="
  "resolved" "https://registry.npmjs.org/jss-plugin-nested/-/jss-plugin-nested-10.6.0.tgz"
  "version" "10.6.0"
  dependencies:
    "@babel/runtime" "^7.3.1"
    "jss" "10.6.0"
    "tiny-warning" "^1.0.2"

"jss-plugin-props-sort@^10.5.1":
  "integrity" "sha512-oMCe7hgho2FllNc60d9VAfdtMrZPo9n1Iu6RNa+3p9n0Bkvnv/XX5San8fTPujrTBScPqv9mOE0nWVvIaohNuw=="
  "resolved" "https://registry.npmjs.org/jss-plugin-props-sort/-/jss-plugin-props-sort-10.6.0.tgz"
  "version" "10.6.0"
  dependencies:
    "@babel/runtime" "^7.3.1"
    "jss" "10.6.0"

"jss-plugin-rule-value-function@^10.5.1":
  "integrity" "sha512-TKFqhRTDHN1QrPTMYRlIQUOC2FFQb271+AbnetURKlGvRl/eWLswcgHQajwuxI464uZk91sPiTtdGi7r7XaWfA=="
  "resolved" "https://registry.npmjs.org/jss-plugin-rule-value-function/-/jss-plugin-rule-value-function-10.6.0.tgz"
  "version" "10.6.0"
  dependencies:
    "@babel/runtime" "^7.3.1"
    "jss" "10.6.0"
    "tiny-warning" "^1.0.2"

"jss-plugin-vendor-prefixer@^10.5.1":
  "integrity" "sha512-doJ7MouBXT1lypLLctCwb4nJ6lDYqrTfVS3LtXgox42Xz0gXusXIIDboeh6UwnSmox90QpVnub7au8ybrb0krQ=="
  "resolved" "https://registry.npmjs.org/jss-plugin-vendor-prefixer/-/jss-plugin-vendor-prefixer-10.6.0.tgz"
  "version" "10.6.0"
  dependencies:
    "@babel/runtime" "^7.3.1"
    "css-vendor" "^2.0.8"
    "jss" "10.6.0"

"jss@^10.5.1", "jss@10.6.0":
  "integrity" "sha512-n7SHdCozmxnzYGXBHe0NsO0eUf9TvsHVq2MXvi4JmTn3x5raynodDVE/9VQmBdWFyyj9HpHZ2B4xNZ7MMy7lkw=="
  "resolved" "https://registry.npmjs.org/jss/-/jss-10.6.0.tgz"
  "version" "10.6.0"
  dependencies:
    "@babel/runtime" "^7.3.1"
    "csstype" "^3.0.2"
    "indefinite-observable" "^2.0.1"
    "is-in-browser" "^1.1.3"
    "tiny-warning" "^1.0.2"

"lodash-es@^4.17.11", "lodash-es@^4.17.20":
  "integrity" "sha512-mKnC+QJ9pWVzv+C4/U3rRsHapFfHvQFoFB92e52xeyGMcX6/OlIl78je1u8vePzYZSkkogMPJ2yjxxsb89cxyw=="
  "resolved" "https://registry.npmjs.org/lodash-es/-/lodash-es-4.17.21.tgz"
  "version" "4.17.21"

"lodash.once@^4.1.1":
  "integrity" "sha1-DdOXEhPHxW34gJd9UEyI+0cal6w="
  "resolved" "https://registry.npmjs.org/lodash.once/-/lodash.once-4.1.1.tgz"
  "version" "4.1.1"

"lodash@^4.17.11", "lodash@^4.17.20":
  "integrity" "sha512-v2kDEe57lecTulaDIuNTPy3Ry4gLGJ6Z1O3vE1krgXZNrsQ+LFTGHVxVjcXPs17LhbZVGedAJv8XZ1tvj5FvSg=="
  "resolved" "https://registry.npmjs.org/lodash/-/lodash-4.17.21.tgz"
  "version" "4.17.21"

"loose-envify@^1.0.0", "loose-envify@^1.1.0", "loose-envify@^1.2.0", "loose-envify@^1.3.1", "loose-envify@^1.4.0":
  "integrity" "sha512-lyuxPGr/Wfhrlem2CL/UcnUc1zcqKAImBDzukY7Y5F/yQiNdko6+fRLevlw1HgMySw7f611UIY408EtxRSoK3Q=="
  "resolved" "https://registry.npmjs.org/loose-envify/-/loose-envify-1.4.0.tgz"
  "version" "1.4.0"
  dependencies:
    "js-tokens" "^3.0.0 || ^4.0.0"

"memoize-one@^5.1.1":
  "integrity" "sha512-zYiwtZUcYyXKo/np96AGZAckk+FWWsUdJ3cHGGmld7+AhvcWmQyGCYUh1hc4Q/pkOhb65dQR/pqCyK0cOaHz4Q=="
  "resolved" "https://registry.npmjs.org/memoize-one/-/memoize-one-5.2.1.tgz"
  "version" "5.2.1"

"merge-class-names@^1.1.1":
  "integrity" "sha512-xNdBM7s+6uD+vNZJEymqrFbMBCDGzoA8clZTcj2F1XIy1QQKF+wjFVv7iDZFfdCBnViTdt54A4Ye2lmBsXrBjQ=="
  "resolved" "https://registry.npmjs.org/merge-class-names/-/merge-class-names-1.4.0.tgz"
  "version" "1.4.0"

"mini-create-react-context@^0.4.0":
  "integrity" "sha512-YWCYEmd5CQeHGSAKrYvXgmzzkrvssZcuuQDDeqkT+PziKGMgE+0MCCtcKbROzocGBG1meBLl2FotlRwf4gAzbQ=="
  "resolved" "https://registry.npmjs.org/mini-create-react-context/-/mini-create-react-context-0.4.1.tgz"
  "version" "0.4.1"
  dependencies:
    "@babel/runtime" "^7.12.1"
    "tiny-warning" "^1.0.3"

"moment@^2.24.0", "moment@^2.29.1":
  "integrity" "sha512-kHmoybcPV8Sqy59DwNDY3Jefr64lK/by/da0ViFcuA4DH0vQg5Q6Ze5VimxkfQNSC+Mls/Kx53s7TjP1RhFEDQ=="
  "resolved" "https://registry.npmjs.org/moment/-/moment-2.29.1.tgz"
  "version" "2.29.1"

"object-assign@^4.1.1":
  "integrity" "sha1-IQmtx5ZYh8/AXLvUQsrIv7s2CGM="
  "resolved" "https://registry.npmjs.org/object-assign/-/object-assign-4.1.1.tgz"
  "version" "4.1.1"

"path-to-regexp@^1.7.0":
  "integrity" "sha512-n43JRhlUKUAlibEJhPeir1ncUID16QnEjNpwzNdO3Lm4ywrBpBZ5oLD0I6br9evr1Y9JTqwRtAh7JLoOzAQdVA=="
  "resolved" "https://registry.npmjs.org/path-to-regexp/-/path-to-regexp-1.8.0.tgz"
  "version" "1.8.0"
  dependencies:
    "isarray" "0.0.1"

"popper.js@1.16.1-lts":
  "integrity" "sha512-Kjw8nKRl1m+VrSFCoVGPph93W/qrSO7ZkqPpTf7F4bk/sqcfWK019dWBUpE/fBOsOQY1dks/Bmcbfn1heM/IsA=="
  "resolved" "https://registry.npmjs.org/popper.js/-/popper.js-1.16.1-lts.tgz"
  "version" "1.16.1-lts"

"prop-types@^15.0.0", "prop-types@^15.6.0", "prop-types@^15.6.2", "prop-types@^15.7.2":
  "integrity" "sha512-8QQikdH7//R2vurIJSutZ1smHYTcLpRWEOlHnzcWHmBYrOGUysKwSsrC89BCiFj3CbrfJ/nXFdJepOVrY1GCHQ=="
  "resolved" "https://registry.npmjs.org/prop-types/-/prop-types-15.7.2.tgz"
  "version" "15.7.2"
  dependencies:
    "loose-envify" "^1.4.0"
    "object-assign" "^4.1.1"
    "react-is" "^16.8.1"

"react-big-calendar@^0.33.4":
  "integrity" "sha512-kqmz5l2ljx5Gze+Cp11HLFnDBJDFNwuYNVKVhZv3Ks5dUzJ9JlDSCWjjBqY1Ov9LRJmUpRHLeDq9V3RuVOBc0A=="
  "resolved" "https://registry.npmjs.org/react-big-calendar/-/react-big-calendar-0.33.4.tgz"
  "version" "0.33.4"
  dependencies:
    "@babel/runtime" "^7.1.5"
    "clsx" "^1.0.4"
    "date-arithmetic" "^4.1.0"
    "dom-helpers" "^5.1.0"
    "invariant" "^2.2.4"
    "lodash" "^4.17.11"
    "lodash-es" "^4.17.11"
    "memoize-one" "^5.1.1"
    "prop-types" "^15.7.2"
    "react-overlays" "^4.1.1"
    "uncontrollable" "^7.0.0"

"react-calendar@^3.4.0":
  "integrity" "sha512-ykbvXASArQQ8KZlCEXEdE+w+KFGSj7kDpdTRzbLVJeN26oUIu+EFavFDAqg4G//zTO0tSq5SMfqAa6fjrdGQjQ=="
  "resolved" "https://registry.npmjs.org/react-calendar/-/react-calendar-3.4.0.tgz"
  "version" "3.4.0"
  dependencies:
    "@wojtekmaj/date-utils" "^1.0.2"
    "get-user-locale" "^1.2.0"
    "merge-class-names" "^1.1.1"
    "prop-types" "^15.6.0"

"react-dom@^16.3.0 || ^17.0.0-0", "react-dom@^16.6.1 || ^17", "react-dom@^16.8.0 || ^17.0.0", "react-dom@^17.0.2", "react-dom@>=16.3.0", "react-dom@>=16.6.0":
  "integrity" "sha512-s4h96KtLDUQlsENhMn1ar8t2bEa+q/YAtj8pPPdIjPDGBDIVNsrD9aXNWqspUe6AzKCIG0C1HZZLqLV7qpOBGA=="
  "resolved" "https://registry.npmjs.org/react-dom/-/react-dom-17.0.2.tgz"
  "version" "17.0.2"
  dependencies:
    "loose-envify" "^1.1.0"
    "object-assign" "^4.1.1"
    "scheduler" "^0.20.2"

"react-is@^16.6.0", "react-is@^16.7.0", "react-is@^16.8.0 || ^17.0.0", "react-is@^16.8.1":
  "integrity" "sha512-24e6ynE2H+OKt4kqsOvNd8kBpV65zoxbA4BVsEOB3ARVWQki/DHzaUoC5KuON/BiccDaCCTZBuOcfZs70kR8bQ=="
  "resolved" "https://registry.npmjs.org/react-is/-/react-is-16.13.1.tgz"
  "version" "16.13.1"

"react-lifecycles-compat@^3.0.4":
  "integrity" "sha512-fBASbA6LnOU9dOU2eW7aQ8xmYBSXUIWr+UmF9b1efZBazGNO+rcXT/icdKnYm2pTwcRylVUYwW7H1PHfLekVzA=="
  "resolved" "https://registry.npmjs.org/react-lifecycles-compat/-/react-lifecycles-compat-3.0.4.tgz"
  "version" "3.0.4"

"react-overlays@^4.1.1":
  "integrity" "sha512-WtJifh081e6M24KnvTQoNjQEpz7HoLxqt8TwZM7LOYIkYJ8i/Ly1Xi7RVte87ZVnmqQ4PFaFiNHZhSINPSpdBQ=="
  "resolved" "https://registry.npmjs.org/react-overlays/-/react-overlays-4.1.1.tgz"
  "version" "4.1.1"
  dependencies:
    "@babel/runtime" "^7.12.1"
    "@popperjs/core" "^2.5.3"
    "@restart/hooks" "^0.3.25"
    "@types/warning" "^3.0.0"
    "dom-helpers" "^5.2.0"
    "prop-types" "^15.7.2"
    "uncontrollable" "^7.0.0"
    "warning" "^4.0.3"

"react-router-dom@^5.2.0":
  "integrity" "sha512-gxAmfylo2QUjcwxI63RhQ5G85Qqt4voZpUXSEqCwykV0baaOTQDR1f0PmY8AELqIyVc0NEZUj0Gov5lNGcXgsA=="
  "resolved" "https://registry.npmjs.org/react-router-dom/-/react-router-dom-5.2.0.tgz"
  "version" "5.2.0"
  dependencies:
    "@babel/runtime" "^7.1.2"
    "history" "^4.9.0"
    "loose-envify" "^1.3.1"
    "prop-types" "^15.6.2"
    "react-router" "5.2.0"
    "tiny-invariant" "^1.0.2"
    "tiny-warning" "^1.0.0"

"react-router@5.2.0":
  "integrity" "sha512-smz1DUuFHRKdcJC0jobGo8cVbhO3x50tCL4icacOlcwDOEQPq4TMqwx3sY1TP+DvtTgz4nm3thuo7A+BK2U0Dw=="
  "resolved" "https://registry.npmjs.org/react-router/-/react-router-5.2.0.tgz"
  "version" "5.2.0"
  dependencies:
    "@babel/runtime" "^7.1.2"
    "history" "^4.9.0"
    "hoist-non-react-statics" "^3.1.0"
    "loose-envify" "^1.3.1"
    "mini-create-react-context" "^0.4.0"
    "path-to-regexp" "^1.7.0"
    "prop-types" "^15.6.2"
    "react-is" "^16.6.0"
    "tiny-invariant" "^1.0.2"
    "tiny-warning" "^1.0.0"

"react-transition-group@^4.0.0", "react-transition-group@^4.4.0":
  "integrity" "sha512-Djqr7OQ2aPUiYurhPalTrVy9ddmFCCzwhqQmtN+J3+3DzLO209Fdr70QrN8Z3DsglWql6iY1lDWAfpFiBtuKGw=="
  "resolved" "https://registry.npmjs.org/react-transition-group/-/react-transition-group-4.4.1.tgz"
  "version" "4.4.1"
  dependencies:
    "@babel/runtime" "^7.5.5"
    "dom-helpers" "^5.0.1"
    "loose-envify" "^1.4.0"
    "prop-types" "^15.6.2"

"react@^0.14.0 || ^15.0.0 || ^16.0.0 || ^17.0.0", "react@^16.3.0 || ^17.0.0-0", "react@^16.6.1 || ^17", "react@^16.8.0 || ^17.0.0", "react@>=15", "react@>=15.0.0", "react@>=16.3.0", "react@>=16.6.0", "react@>=16.8", "react@>=16.8.0", "react@17.0.2":
  "integrity" "sha512-gnhPt75i/dq/z3/6q/0asP78D0u592D5L1pd7M8P+dck6Fu/jJeL6iVVK23fptSUZj8Vjf++7wXA8UNclGQcbA=="
  "resolved" "https://registry.npmjs.org/react/-/react-17.0.2.tgz"
  "version" "17.0.2"
  dependencies:
    "loose-envify" "^1.1.0"
    "object-assign" "^4.1.1"

"regenerator-runtime@^0.13.4":
  "integrity" "sha512-a54FxoJDIr27pgf7IgeQGxmqUNYrcV338lf/6gH456HZ/PhX+5BcwHXG9ajESmwe6WRO0tAzRUrRmNONWgkrew=="
  "resolved" "https://registry.npmjs.org/regenerator-runtime/-/regenerator-runtime-0.13.7.tgz"
  "version" "0.13.7"

"resolve-pathname@^3.0.0":
  "integrity" "sha512-C7rARubxI8bXFNB/hqcp/4iUeIXJhJZvFPFPiSPRnhU5UPxzMFIl+2E6yY6c4k9giDJAhtV+enfA+G89N6Csng=="
  "resolved" "https://registry.npmjs.org/resolve-pathname/-/resolve-pathname-3.0.0.tgz"
  "version" "3.0.0"

"rifm@^0.7.0":
  "integrity" "sha512-DSOJTWHD67860I5ojetXdEQRIBvF6YcpNe53j0vn1vp9EUb9N80EiZTxgP+FkDKorWC8PZw052kTF4C1GOivCQ=="
  "resolved" "https://registry.npmjs.org/rifm/-/rifm-0.7.0.tgz"
  "version" "0.7.0"
  dependencies:
    "@babel/runtime" "^7.3.1"

"scheduler@^0.20.2":
  "integrity" "sha512-2eWfGgAqqWFGqtdMmcL5zCMK1U8KlXv8SQFGglL3CEtd0aDVDWgeF/YoCmvln55m5zSk3J/20hTaSBeSObsQDQ=="
  "resolved" "https://registry.npmjs.org/scheduler/-/scheduler-0.20.2.tgz"
  "version" "0.20.2"
  dependencies:
    "loose-envify" "^1.1.0"
    "object-assign" "^4.1.1"

"symbol-observable@1.2.0":
  "integrity" "sha512-e900nM8RRtGhlV36KGEU9k65K3mPb1WV70OdjfxlG2EAuM1noi/E/BaW/uMhL7bPEssK8QV57vN3esixjUvcXQ=="
  "resolved" "https://registry.npmjs.org/symbol-observable/-/symbol-observable-1.2.0.tgz"
  "version" "1.2.0"

"tiny-invariant@^1.0.2":
  "integrity" "sha512-ytxQvrb1cPc9WBEI/HSeYYoGD0kWnGEOR8RY6KomWLBVhqz0RgTwVO9dLrGz7dC+nN9llyI7OKAgRq8Vq4ZBSw=="
  "resolved" "https://registry.npmjs.org/tiny-invariant/-/tiny-invariant-1.1.0.tgz"
  "version" "1.1.0"

"tiny-warning@^1.0.0", "tiny-warning@^1.0.2", "tiny-warning@^1.0.3":
  "integrity" "sha512-lBN9zLN/oAf68o3zNXYrdCt1kP8WsiGW8Oo2ka41b2IM5JL/S1CTyX1rW0mb/zSuJun0ZUrDxx4sqvYS2FWzPA=="
  "resolved" "https://registry.npmjs.org/tiny-warning/-/tiny-warning-1.0.3.tgz"
  "version" "1.0.3"

"uncontrollable@^7.0.0":
  "integrity" "sha512-svtcfoTADIB0nT9nltgjujTi7BzVmwjZClOmskKu/E8FW9BXzg9os8OLr4f8Dlnk0rYWJIWr4wv9eKUXiQvQwQ=="
  "resolved" "https://registry.npmjs.org/uncontrollable/-/uncontrollable-7.2.1.tgz"
  "version" "7.2.1"
  dependencies:
    "@babel/runtime" "^7.6.3"
    "@types/react" ">=16.9.11"
    "invariant" "^2.2.4"
    "react-lifecycles-compat" "^3.0.4"

"value-equal@^1.0.1":
  "integrity" "sha512-NOJ6JZCAWr0zlxZt+xqCHNTEKOsrks2HQd4MqhP1qy4z1SkbEP467eNx6TgDKXMvUOb+OENfJCZwM+16n7fRfw=="
  "resolved" "https://registry.npmjs.org/value-equal/-/value-equal-1.0.1.tgz"
  "version" "1.0.1"

"warning@^4.0.3":
  "integrity" "sha512-rpJyN222KWIvHJ/F53XSZv0Zl/accqHR8et1kpaMTD/fLCRxtV8iX8czMzY7sVZupTI3zcUTg8eycS2kNF9l6w=="
  "resolved" "https://registry.npmjs.org/warning/-/warning-4.0.3.tgz"
  "version" "4.0.3"
  dependencies:
    "loose-envify" "^1.0.0"
